
Microsoft Visual Studio Solution File, Format Version 11.00
# Visual Studio 2010
Project("{F184B08F-C81C-45F6-A57F-5ABD9991F28F}") = "VB.NET Notes", "WindowsApplication1\VB.NET Notes.vbproj", "{072276F6-F69E-4E93-86F1-ECD57BD1DA22}"
EndProject
Global
	GlobalSection(SolutionConfigurationPlatforms) = preSolution
		Debug|x86 = Debug|x86
		Release|x86 = Release|x86
	EndGlobalSection
	GlobalSection(ProjectConfigurationPlatforms) = postSolution
		{072276F6-F69E-4E93-86F1-ECD57BD1DA22}.Debug|x86.ActiveCfg = Debug|x86
		{072276F6-F69E-4E93-86F1-ECD57BD1DA22}.Debug|x86.Build.0 = Debug|x86
		{072276F6-F69E-4E93-86F1-ECD57BD1DA22}.Release|x86.ActiveCfg = Release|x86
		{072276F6-F69E-4E93-86F1-ECD57BD1DA22}.Release|x86.Build.0 = Release|x86
	EndGlobalSection
	GlobalSection(SolutionProperties) = preSolution
		HideSolutionNode = FALSE
	EndGlobalSection
EndGlobal
